
Microsoft Visual Studio Solution File, Format Version 12.00
# Visual Studio 14
VisualStudioVersion = 14.0.25420.1
MinimumVisualStudioVersion = 10.0.40219.1
Project("{FAE04EC0-301F-11D3-BF4B-00C04F79EFBC}") = "AlgorithmDemo", "AlgorithmDemo\AlgorithmDemo.csproj", "{FF71DF1E-CD8D-40CB-B10D-A180C89845E8}"
	ProjectSection(ProjectDependencies) = postProject
		{BA41636A-DDCE-4109-9D10-FF4AFB40273C} = {BA41636A-DDCE-4109-9D10-FF4AFB40273C}
	EndProjectSection
EndProject
Project("{FAE04EC0-301F-11D3-BF4B-00C04F79EFBC}") = "StarfieldDrivers", "..\StarfieldDrivers\StarfieldDrivers\StarfieldDrivers.csproj", "{BA41636A-DDCE-4109-9D10-FF4AFB40273C}"
EndProject
Project("{FAE04EC0-301F-11D3-BF4B-00C04F79EFBC}") = "Starfield", "..\..\lib\.NET\StarfieldClient\StarfieldClient\Starfield.csproj", "{9FD24852-54FB-49FE-B0AB-B7FF9806297C}"
EndProject
Project("{FAE04EC0-301F-11D3-BF4B-00C04F79EFBC}") = "Utils", "..\..\lib\.NET\Utils\Utils\Utils.csproj", "{B8F8C32D-D4F5-48B8-A28B-8871D87AD23C}"
EndProject
Global
	GlobalSection(SolutionConfigurationPlatforms) = preSolution
		Debug|Any CPU = Debug|Any CPU
		Release|Any CPU = Release|Any CPU
	EndGlobalSection
	GlobalSection(ProjectConfigurationPlatforms) = postSolution
		{FF71DF1E-CD8D-40CB-B10D-A180C89845E8}.Debug|Any CPU.ActiveCfg = Debug|Any CPU
		{FF71DF1E-CD8D-40CB-B10D-A180C89845E8}.Debug|Any CPU.Build.0 = Debug|Any CPU
		{FF71DF1E-CD8D-40CB-B10D-A180C89845E8}.Release|Any CPU.ActiveCfg = Release|Any CPU
		{FF71DF1E-CD8D-40CB-B10D-A180C89845E8}.Release|Any CPU.Build.0 = Release|Any CPU
		{BA41636A-DDCE-4109-9D10-FF4AFB40273C}.Debug|Any CPU.ActiveCfg = Debug|Any CPU
		{BA41636A-DDCE-4109-9D10-FF4AFB40273C}.Debug|Any CPU.Build.0 = Debug|Any CPU
		{BA41636A-DDCE-4109-9D10-FF4AFB40273C}.Release|Any CPU.ActiveCfg = Release|Any CPU
		{BA41636A-DDCE-4109-9D10-FF4AFB40273C}.Release|Any CPU.Build.0 = Release|Any CPU
		{9FD24852-54FB-49FE-B0AB-B7FF9806297C}.Debug|Any CPU.ActiveCfg = Debug|Any CPU
		{9FD24852-54FB-49FE-B0AB-B7FF9806297C}.Debug|Any CPU.Build.0 = Debug|Any CPU
		{9FD24852-54FB-49FE-B0AB-B7FF9806297C}.Release|Any CPU.ActiveCfg = Release|Any CPU
		{9FD24852-54FB-49FE-B0AB-B7FF9806297C}.Release|Any CPU.Build.0 = Release|Any CPU
		{B8F8C32D-D4F5-48B8-A28B-8871D87AD23C}.Debug|Any CPU.ActiveCfg = Debug|Any CPU
		{B8F8C32D-D4F5-48B8-A28B-8871D87AD23C}.Debug|Any CPU.Build.0 = Debug|Any CPU
		{B8F8C32D-D4F5-48B8-A28B-8871D87AD23C}.Release|Any CPU.ActiveCfg = Release|Any CPU
		{B8F8C32D-D4F5-48B8-A28B-8871D87AD23C}.Release|Any CPU.Build.0 = Release|Any CPU
	EndGlobalSection
	GlobalSection(SolutionProperties) = preSolution
		HideSolutionNode = FALSE
	EndGlobalSection
EndGlobal
